
Microsoft Visual Studio Solution File, Format Version 12.00
# Visual Studio 15
VisualStudioVersion = 15.0.28307.852
MinimumVisualStudioVersion = 10.0.40219.1
Project("{930C7802-8A8C-48F9-8165-68863BCCD9DD}") = "WiXCustomDialog", "WiXCustomDialog\WiXCustomDialog.wixproj", "{C3AA1835-E88F-491F-839B-87DEBE25D2B3}"
EndProject
Global
	GlobalSection(SolutionConfigurationPlatforms) = preSolution
		Debug|x86 = Debug|x86
		Release|x86 = Release|x86
	EndGlobalSection
	GlobalSection(ProjectConfigurationPlatforms) = postSolution
		{C3AA1835-E88F-491F-839B-87DEBE25D2B3}.Debug|x86.ActiveCfg = Debug|x86
		{C3AA1835-E88F-491F-839B-87DEBE25D2B3}.Debug|x86.Build.0 = Debug|x86
		{C3AA1835-E88F-491F-839B-87DEBE25D2B3}.Release|x86.ActiveCfg = Release|x86
		{C3AA1835-E88F-491F-839B-87DEBE25D2B3}.Release|x86.Build.0 = Release|x86
	EndGlobalSection
	GlobalSection(SolutionProperties) = preSolution
		HideSolutionNode = FALSE
	EndGlobalSection
	GlobalSection(ExtensibilityGlobals) = postSolution
		SolutionGuid = {784A5741-010F-4B93-BA43-ECB486DE8FAA}
	EndGlobalSection
EndGlobal
